
Microsoft Visual Studio Solution File, Format Version 12.00
# Visual Studio Version 16
VisualStudioVersion = 16.0.30114.105
MinimumVisualStudioVersion = 10.0.40219.1
Project("{FAE04EC0-301F-11D3-BF4B-00C04F79EFBC}") = "WinFrameTest", "WinFrameTest\WinFrameTest.csproj", "{73D83C32-F390-40BA-AA5F-C5AC55791942}"
EndProject
Global
	GlobalSection(SolutionConfigurationPlatforms) = preSolution
		Debug|Any CPU = Debug|Any CPU
		Release|Any CPU = Release|Any CPU
	EndGlobalSection
	GlobalSection(ProjectConfigurationPlatforms) = postSolution
		{73D83C32-F390-40BA-AA5F-C5AC55791942}.Debug|Any CPU.ActiveCfg = Debug|Any CPU
		{73D83C32-F390-40BA-AA5F-C5AC55791942}.Debug|Any CPU.Build.0 = Debug|Any CPU
		{73D83C32-F390-40BA-AA5F-C5AC55791942}.Release|Any CPU.ActiveCfg = Release|Any CPU
		{73D83C32-F390-40BA-AA5F-C5AC55791942}.Release|Any CPU.Build.0 = Release|Any CPU
	EndGlobalSection
	GlobalSection(SolutionProperties) = preSolution
		HideSolutionNode = FALSE
	EndGlobalSection
	GlobalSection(ExtensibilityGlobals) = postSolution
		SolutionGuid = {DC994567-F294-4FFC-9CFA-965ED4CF1DBF}
	EndGlobalSection
EndGlobal
